
Microsoft Visual Studio Solution File, Format Version 12.00
# Visual Studio 2013
VisualStudioVersion = 12.0.30501.0
MinimumVisualStudioVersion = 10.0.40219.1
Project("{8BC9CEB8-8B4A-11D0-8D11-00A0C91BC942}") = "caffe", "caffe\caffe.vcxproj", "{38D9711D-DAC2-4487-851A-786B325E869D}"
EndProject
Project("{8BC9CEB8-8B4A-11D0-8D11-00A0C91BC942}") = "test-MNIST", "test-MNIST\test-MNIST.vcxproj", "{73E67F0A-0507-438A-9BA7-75836EA90290}"
EndProject
Project("{8BC9CEB8-8B4A-11D0-8D11-00A0C91BC942}") = "train-MNIST", "train-MNIST\train-MNIST.vcxproj", "{F52D9568-89B4-4A53-AC13-8F4A84304D70}"
EndProject
Global
	GlobalSection(SolutionConfigurationPlatforms) = preSolution
		Debug|Mixed Platforms = Debug|Mixed Platforms
		Debug|Win32 = Debug|Win32
		Debug|x64 = Debug|x64
		Release|Mixed Platforms = Release|Mixed Platforms
		Release|Win32 = Release|Win32
		Release|x64 = Release|x64
	EndGlobalSection
	GlobalSection(ProjectConfigurationPlatforms) = postSolution
		{38D9711D-DAC2-4487-851A-786B325E869D}.Debug|Mixed Platforms.ActiveCfg = Debug|Win32
		{38D9711D-DAC2-4487-851A-786B325E869D}.Debug|Mixed Platforms.Build.0 = Debug|Win32
		{38D9711D-DAC2-4487-851A-786B325E869D}.Debug|Win32.ActiveCfg = Debug|Win32
		{38D9711D-DAC2-4487-851A-786B325E869D}.Debug|Win32.Build.0 = Debug|Win32
		{38D9711D-DAC2-4487-851A-786B325E869D}.Debug|x64.ActiveCfg = Debug|x64
		{38D9711D-DAC2-4487-851A-786B325E869D}.Debug|x64.Build.0 = Debug|x64
		{38D9711D-DAC2-4487-851A-786B325E869D}.Release|Mixed Platforms.ActiveCfg = Release|Win32
		{38D9711D-DAC2-4487-851A-786B325E869D}.Release|Mixed Platforms.Build.0 = Release|Win32
		{38D9711D-DAC2-4487-851A-786B325E869D}.Release|Win32.ActiveCfg = Release|Win32
		{38D9711D-DAC2-4487-851A-786B325E869D}.Release|Win32.Build.0 = Release|Win32
		{38D9711D-DAC2-4487-851A-786B325E869D}.Release|x64.ActiveCfg = Release|x64
		{38D9711D-DAC2-4487-851A-786B325E869D}.Release|x64.Build.0 = Release|x64
		{73E67F0A-0507-438A-9BA7-75836EA90290}.Debug|Mixed Platforms.ActiveCfg = Debug|Win32
		{73E67F0A-0507-438A-9BA7-75836EA90290}.Debug|Mixed Platforms.Build.0 = Debug|Win32
		{73E67F0A-0507-438A-9BA7-75836EA90290}.Debug|Win32.ActiveCfg = Debug|Win32
		{73E67F0A-0507-438A-9BA7-75836EA90290}.Debug|Win32.Build.0 = Debug|Win32
		{73E67F0A-0507-438A-9BA7-75836EA90290}.Debug|x64.ActiveCfg = Debug|x64
		{73E67F0A-0507-438A-9BA7-75836EA90290}.Debug|x64.Build.0 = Debug|x64
		{73E67F0A-0507-438A-9BA7-75836EA90290}.Release|Mixed Platforms.ActiveCfg = Release|Win32
		{73E67F0A-0507-438A-9BA7-75836EA90290}.Release|Mixed Platforms.Build.0 = Release|Win32
		{73E67F0A-0507-438A-9BA7-75836EA90290}.Release|Win32.ActiveCfg = Release|Win32
		{73E67F0A-0507-438A-9BA7-75836EA90290}.Release|Win32.Build.0 = Release|Win32
		{73E67F0A-0507-438A-9BA7-75836EA90290}.Release|x64.ActiveCfg = Release|x64
		{73E67F0A-0507-438A-9BA7-75836EA90290}.Release|x64.Build.0 = Release|x64
		{F52D9568-89B4-4A53-AC13-8F4A84304D70}.Debug|Mixed Platforms.ActiveCfg = Debug|Win32
		{F52D9568-89B4-4A53-AC13-8F4A84304D70}.Debug|Mixed Platforms.Build.0 = Debug|Win32
		{F52D9568-89B4-4A53-AC13-8F4A84304D70}.Debug|Win32.ActiveCfg = Debug|Win32
		{F52D9568-89B4-4A53-AC13-8F4A84304D70}.Debug|Win32.Build.0 = Debug|Win32
		{F52D9568-89B4-4A53-AC13-8F4A84304D70}.Debug|x64.ActiveCfg = Debug|x64
		{F52D9568-89B4-4A53-AC13-8F4A84304D70}.Debug|x64.Build.0 = Debug|x64
		{F52D9568-89B4-4A53-AC13-8F4A84304D70}.Release|Mixed Platforms.ActiveCfg = Release|Win32
		{F52D9568-89B4-4A53-AC13-8F4A84304D70}.Release|Mixed Platforms.Build.0 = Release|Win32
		{F52D9568-89B4-4A53-AC13-8F4A84304D70}.Release|Win32.ActiveCfg = Release|Win32
		{F52D9568-89B4-4A53-AC13-8F4A84304D70}.Release|Win32.Build.0 = Release|Win32
		{F52D9568-89B4-4A53-AC13-8F4A84304D70}.Release|x64.ActiveCfg = Release|x64
		{F52D9568-89B4-4A53-AC13-8F4A84304D70}.Release|x64.Build.0 = Release|x64
	EndGlobalSection
	GlobalSection(SolutionProperties) = preSolution
		HideSolutionNode = FALSE
	EndGlobalSection
EndGlobal
