<?xml version="1.0" encoding="utf-8"?>
<Project ToolsVersion="4.0" xmlns="http://schemas.microsoft.com/developer/msbuild/2003">
  <ItemGroup>
    <Filter Include="Source Files">
      <UniqueIdentifier>{4FC737F1-C7A5-4376-A066-2A32D752A2FF}</UniqueIdentifier>
      <Extensions>cpp;c;cc;cxx;def;odl;idl;hpj;bat;asm;asmx</Extensions>
    </Filter>
    <Filter Include="Header Files">
      <UniqueIdentifier>{93995380-89BD-4b04-88EB-625FBE52EBFB}</UniqueIdentifier>
      <Extensions>h;hh;hpp;hxx;hm;inl;inc;xsd</Extensions>
    </Filter>
    <Filter Include="Resource Files">
      <UniqueIdentifier>{67DA6AB6-F800-4c08-8B7A-83BB121AAD01}</UniqueIdentifier>
      <Extensions>rc;ico;cur;bmp;dlg;rc2;rct;bin;rgs;gif;jpg;jpeg;jpe;resx;tiff;tif;png;wav;mfcribbon-ms</Extensions>
    </Filter>
    <Filter Include="Source Files\layers">
      <UniqueIdentifier>{dffa31b9-fc8c-4961-b4a3-0e7770c5552f}</UniqueIdentifier>
    </Filter>
    <Filter Include="Source Files\proto">
      <UniqueIdentifier>{0bd449a6-4bcf-4495-a8b8-238d53bd668f}</UniqueIdentifier>
    </Filter>
    <Filter Include="Source Files\util">
      <UniqueIdentifier>{311d9d4b-2286-418c-b6e3-93e76579b247}</UniqueIdentifier>
    </Filter>
  </ItemGroup>
  <ItemGroup>
    <ClCompile Include="src\caffe\blob.cpp">
      <Filter>Source Files</Filter>
    </ClCompile>
    <ClCompile Include="src\caffe\common.cpp">
      <Filter>Source Files</Filter>
    </ClCompile>
    <ClCompile Include="src\caffe\data_transformer.cpp">
      <Filter>Source Files</Filter>
    </ClCompile>
    <ClCompile Include="src\caffe\internal_thread.cpp">
      <Filter>Source Files</Filter>
    </ClCompile>
    <ClCompile Include="src\caffe\layer_factory.cpp">
      <Filter>Source Files</Filter>
    </ClCompile>
    <ClCompile Include="src\caffe\net.cpp">
      <Filter>Source Files</Filter>
    </ClCompile>
    <ClCompile Include="src\caffe\solver.cpp">
      <Filter>Source Files</Filter>
    </ClCompile>
    <ClCompile Include="src\caffe\syncedmem.cpp">
      <Filter>Source Files</Filter>
    </ClCompile>
    <ClCompile Include="src\caffe\util\insert_splits.cpp">
      <Filter>Source Files\util</Filter>
    </ClCompile>
    <ClCompile Include="src\caffe\util\io.cpp">
      <Filter>Source Files\util</Filter>
    </ClCompile>
    <ClCompile Include="src\caffe\util\math_functions.cpp">
      <Filter>Source Files\util</Filter>
    </ClCompile>
    <ClCompile Include="src\caffe\util\upgrade_proto.cpp">
      <Filter>Source Files\util</Filter>
    </ClCompile>
    <ClCompile Include="src\caffe\util\benchmark.cpp">
      <Filter>Source Files\util</Filter>
    </ClCompile>
    <ClCompile Include="src\caffe\util\im2col.cpp">
      <Filter>Source Files\util</Filter>
    </ClCompile>
    <ClCompile Include="src\caffe\proto\caffe.pb.cc">
      <Filter>Source Files\proto</Filter>
    </ClCompile>
    <ClCompile Include="src\caffe\proto\caffe_pretty_print.pb.cc">
      <Filter>Source Files\proto</Filter>
    </ClCompile>
    <ClCompile Include="src\caffe\layers\hinge_loss_layer.cpp">
      <Filter>Source Files\layers</Filter>
    </ClCompile>
    <ClCompile Include="src\caffe\layers\im2col_layer.cpp">
      <Filter>Source Files\layers</Filter>
    </ClCompile>
    <ClCompile Include="src\caffe\layers\image_data_layer.cpp">
      <Filter>Source Files\layers</Filter>
    </ClCompile>
    <ClCompile Include="src\caffe\layers\infogain_loss_layer.cpp">
      <Filter>Source Files\layers</Filter>
    </ClCompile>
    <ClCompile Include="src\caffe\layers\inner_product_layer.cpp">
      <Filter>Source Files\layers</Filter>
    </ClCompile>
    <ClCompile Include="src\caffe\layers\loss_layer.cpp">
      <Filter>Source Files\layers</Filter>
    </ClCompile>
    <ClCompile Include="src\caffe\layers\lrn_layer.cpp">
      <Filter>Source Files\layers</Filter>
    </ClCompile>
    <ClCompile Include="src\caffe\layers\memory_data_layer.cpp">
      <Filter>Source Files\layers</Filter>
    </ClCompile>
    <ClCompile Include="src\caffe\layers\multinomial_logistic_loss_layer.cpp">
      <Filter>Source Files\layers</Filter>
    </ClCompile>
    <ClCompile Include="src\caffe\layers\mvn_layer.cpp">
      <Filter>Source Files\layers</Filter>
    </ClCompile>
    <ClCompile Include="src\caffe\layers\neuron_layer.cpp">
      <Filter>Source Files\layers</Filter>
    </ClCompile>
    <ClCompile Include="src\caffe\layers\pooling_layer.cpp">
      <Filter>Source Files\layers</Filter>
    </ClCompile>
    <ClCompile Include="src\caffe\layers\power_layer.cpp">
      <Filter>Source Files\layers</Filter>
    </ClCompile>
    <ClCompile Include="src\caffe\layers\relu_layer.cpp">
      <Filter>Source Files\layers</Filter>
    </ClCompile>
    <ClCompile Include="src\caffe\layers\sigmoid_cross_entropy_loss_layer.cpp">
      <Filter>Source Files\layers</Filter>
    </ClCompile>
    <ClCompile Include="src\caffe\layers\sigmoid_layer.cpp">
      <Filter>Source Files\layers</Filter>
    </ClCompile>
    <ClCompile Include="src\caffe\layers\silence_layer.cpp">
      <Filter>Source Files\layers</Filter>
    </ClCompile>
    <ClCompile Include="src\caffe\layers\slice_layer.cpp">
      <Filter>Source Files\layers</Filter>
    </ClCompile>
    <ClCompile Include="src\caffe\layers\softmax_layer.cpp">
      <Filter>Source Files\layers</Filter>
    </ClCompile>
    <ClCompile Include="src\caffe\layers\softmax_loss_layer.cpp">
      <Filter>Source Files\layers</Filter>
    </ClCompile>
    <ClCompile Include="src\caffe\layers\split_layer.cpp">
      <Filter>Source Files\layers</Filter>
    </ClCompile>
    <ClCompile Include="src\caffe\layers\tanh_layer.cpp">
      <Filter>Source Files\layers</Filter>
    </ClCompile>
    <ClCompile Include="src\caffe\layers\threshold_layer.cpp">
      <Filter>Source Files\layers</Filter>
    </ClCompile>
    <ClCompile Include="src\caffe\layers\window_data_layer.cpp">
      <Filter>Source Files\layers</Filter>
    </ClCompile>
    <ClCompile Include="src\caffe\layers\absval_layer.cpp">
      <Filter>Source Files\layers</Filter>
    </ClCompile>
    <ClCompile Include="src\caffe\layers\accuracy_layer.cpp">
      <Filter>Source Files\layers</Filter>
    </ClCompile>
    <ClCompile Include="src\caffe\layers\argmax_layer.cpp">
      <Filter>Source Files\layers</Filter>
    </ClCompile>
    <ClCompile Include="src\caffe\layers\base_data_layer.cpp">
      <Filter>Source Files\layers</Filter>
    </ClCompile>
    <ClCompile Include="src\caffe\layers\bnll_layer.cpp">
      <Filter>Source Files\layers</Filter>
    </ClCompile>
    <ClCompile Include="src\caffe\layers\concat_layer.cpp">
      <Filter>Source Files\layers</Filter>
    </ClCompile>
    <ClCompile Include="src\caffe\layers\contrastive_loss_layer.cpp">
      <Filter>Source Files\layers</Filter>
    </ClCompile>
    <ClCompile Include="src\caffe\layers\conv_layer.cpp">
      <Filter>Source Files\layers</Filter>
    </ClCompile>
    <ClCompile Include="src\caffe\layers\cudnn_conv_layer.cpp">
      <Filter>Source Files\layers</Filter>
    </ClCompile>
    <ClCompile Include="src\caffe\layers\cudnn_pooling_layer.cpp">
      <Filter>Source Files\layers</Filter>
    </ClCompile>
    <ClCompile Include="src\caffe\layers\cudnn_relu_layer.cpp">
      <Filter>Source Files\layers</Filter>
    </ClCompile>
    <ClCompile Include="src\caffe\layers\cudnn_sigmoid_layer.cpp">
      <Filter>Source Files\layers</Filter>
    </ClCompile>
    <ClCompile Include="src\caffe\layers\cudnn_softmax_layer.cpp">
      <Filter>Source Files\layers</Filter>
    </ClCompile>
    <ClCompile Include="src\caffe\layers\cudnn_tanh_layer.cpp">
      <Filter>Source Files\layers</Filter>
    </ClCompile>
    <ClCompile Include="src\caffe\layers\data_layer.cpp">
      <Filter>Source Files\layers</Filter>
    </ClCompile>
    <ClCompile Include="src\caffe\layers\dropout_layer.cpp">
      <Filter>Source Files\layers</Filter>
    </ClCompile>
    <ClCompile Include="src\caffe\layers\dummy_data_layer.cpp">
      <Filter>Source Files\layers</Filter>
    </ClCompile>
    <ClCompile Include="src\caffe\layers\eltwise_layer.cpp">
      <Filter>Source Files\layers</Filter>
    </ClCompile>
    <ClCompile Include="src\caffe\layers\euclidean_loss_layer.cpp">
      <Filter>Source Files\layers</Filter>
    </ClCompile>
    <ClCompile Include="src\caffe\layers\flatten_layer.cpp">
      <Filter>Source Files\layers</Filter>
    </ClCompile>
    <ClCompile Include="src\caffe\layers\hdf5_output_layer.cpp">
      <Filter>Source Files\layers</Filter>
    </ClCompile>
    <ClCompile Include="src\caffe\layers\hdf5_data_layer.cpp">
      <Filter>Source Files\layers</Filter>
    </ClCompile>
    <ClCompile Include="tools\caffe.cpp">
      <Filter>Source Files</Filter>
    </ClCompile>
  </ItemGroup>
  <ItemGroup>
    <None Include="src\caffe\proto\caffe_pretty_print.proto">
      <Filter>Source Files\proto</Filter>
    </None>
    <None Include="src\caffe\proto\caffe.proto">
      <Filter>Source Files\proto</Filter>
    </None>
  </ItemGroup>
  <ItemGroup>
    <ClInclude Include="src\caffe\proto\caffe.pb.h">
      <Filter>Source Files\proto</Filter>
    </ClInclude>
    <ClInclude Include="src\caffe\proto\caffe_pretty_print.pb.h">
      <Filter>Source Files\proto</Filter>
    </ClInclude>
    <ClInclude Include="blob.hpp">
      <Filter>Header Files</Filter>
    </ClInclude>
    <ClInclude Include="caffe.hpp">
      <Filter>Header Files</Filter>
    </ClInclude>
    <ClInclude Include="caffe.pb.h">
      <Filter>Header Files</Filter>
    </ClInclude>
    <ClInclude Include="common.hpp">
      <Filter>Header Files</Filter>
    </ClInclude>
    <ClInclude Include="common_layers.hpp">
      <Filter>Header Files</Filter>
    </ClInclude>
    <ClInclude Include="data_layers.hpp">
      <Filter>Header Files</Filter>
    </ClInclude>
    <ClInclude Include="data_transformer.hpp">
      <Filter>Header Files</Filter>
    </ClInclude>
    <ClInclude Include="filler.hpp">
      <Filter>Header Files</Filter>
    </ClInclude>
    <ClInclude Include="internal_thread.hpp">
      <Filter>Header Files</Filter>
    </ClInclude>
    <ClInclude Include="layer.hpp">
      <Filter>Header Files</Filter>
    </ClInclude>
    <ClInclude Include="loss_layers.hpp">
      <Filter>Header Files</Filter>
    </ClInclude>
    <ClInclude Include="net.hpp">
      <Filter>Header Files</Filter>
    </ClInclude>
    <ClInclude Include="neuron_layers.hpp">
      <Filter>Header Files</Filter>
    </ClInclude>
    <ClInclude Include="solver.hpp">
      <Filter>Header Files</Filter>
    </ClInclude>
    <ClInclude Include="syncedmem.hpp">
      <Filter>Header Files</Filter>
    </ClInclude>
    <ClInclude Include="vision_layers.hpp">
      <Filter>Header Files</Filter>
    </ClInclude>
  </ItemGroup>
  <ItemGroup>
    <CudaCompile Include="src\caffe\layers\im2col_layer.cu">
      <Filter>Source Files\layers</Filter>
    </CudaCompile>
    <CudaCompile Include="src\caffe\layers\inner_product_layer.cu">
      <Filter>Source Files\layers</Filter>
    </CudaCompile>
    <CudaCompile Include="src\caffe\layers\lrn_layer.cu">
      <Filter>Source Files\layers</Filter>
    </CudaCompile>
    <CudaCompile Include="src\caffe\layers\mvn_layer.cu">
      <Filter>Source Files\layers</Filter>
    </CudaCompile>
    <CudaCompile Include="src\caffe\layers\pooling_layer.cu">
      <Filter>Source Files\layers</Filter>
    </CudaCompile>
    <CudaCompile Include="src\caffe\layers\power_layer.cu">
      <Filter>Source Files\layers</Filter>
    </CudaCompile>
    <CudaCompile Include="src\caffe\layers\relu_layer.cu">
      <Filter>Source Files\layers</Filter>
    </CudaCompile>
    <CudaCompile Include="src\caffe\layers\sigmoid_cross_entropy_loss_layer.cu">
      <Filter>Source Files\layers</Filter>
    </CudaCompile>
    <CudaCompile Include="src\caffe\layers\sigmoid_layer.cu">
      <Filter>Source Files\layers</Filter>
    </CudaCompile>
    <CudaCompile Include="src\caffe\layers\silence_layer.cu">
      <Filter>Source Files\layers</Filter>
    </CudaCompile>
    <CudaCompile Include="src\caffe\layers\slice_layer.cu">
      <Filter>Source Files\layers</Filter>
    </CudaCompile>
    <CudaCompile Include="src\caffe\layers\softmax_layer.cu">
      <Filter>Source Files\layers</Filter>
    </CudaCompile>
    <CudaCompile Include="src\caffe\layers\softmax_loss_layer.cu">
      <Filter>Source Files\layers</Filter>
    </CudaCompile>
    <CudaCompile Include="src\caffe\layers\split_layer.cu">
      <Filter>Source Files\layers</Filter>
    </CudaCompile>
    <CudaCompile Include="src\caffe\layers\tanh_layer.cu">
      <Filter>Source Files\layers</Filter>
    </CudaCompile>
    <CudaCompile Include="src\caffe\layers\threshold_layer.cu">
      <Filter>Source Files\layers</Filter>
    </CudaCompile>
    <CudaCompile Include="src\caffe\layers\absval_layer.cu">
      <Filter>Source Files\layers</Filter>
    </CudaCompile>
    <CudaCompile Include="src\caffe\layers\base_data_layer.cu">
      <Filter>Source Files\layers</Filter>
    </CudaCompile>
    <CudaCompile Include="src\caffe\layers\bnll_layer.cu">
      <Filter>Source Files\layers</Filter>
    </CudaCompile>
    <CudaCompile Include="src\caffe\layers\concat_layer.cu">
      <Filter>Source Files\layers</Filter>
    </CudaCompile>
    <CudaCompile Include="src\caffe\layers\contrastive_loss_layer.cu">
      <Filter>Source Files\layers</Filter>
    </CudaCompile>
    <CudaCompile Include="src\caffe\layers\conv_layer.cu">
      <Filter>Source Files\layers</Filter>
    </CudaCompile>
    <CudaCompile Include="src\caffe\layers\cudnn_conv_layer.cu">
      <Filter>Source Files\layers</Filter>
    </CudaCompile>
    <CudaCompile Include="src\caffe\layers\cudnn_pooling_layer.cu">
      <Filter>Source Files\layers</Filter>
    </CudaCompile>
    <CudaCompile Include="src\caffe\layers\cudnn_relu_layer.cu">
      <Filter>Source Files\layers</Filter>
    </CudaCompile>
    <CudaCompile Include="src\caffe\layers\cudnn_sigmoid_layer.cu">
      <Filter>Source Files\layers</Filter>
    </CudaCompile>
    <CudaCompile Include="src\caffe\layers\cudnn_softmax_layer.cu">
      <Filter>Source Files\layers</Filter>
    </CudaCompile>
    <CudaCompile Include="src\caffe\layers\cudnn_tanh_layer.cu">
      <Filter>Source Files\layers</Filter>
    </CudaCompile>
    <CudaCompile Include="src\caffe\layers\dropout_layer.cu">
      <Filter>Source Files\layers</Filter>
    </CudaCompile>
    <CudaCompile Include="src\caffe\layers\eltwise_layer.cu">
      <Filter>Source Files\layers</Filter>
    </CudaCompile>
    <CudaCompile Include="src\caffe\layers\euclidean_loss_layer.cu">
      <Filter>Source Files\layers</Filter>
    </CudaCompile>
    <CudaCompile Include="src\caffe\layers\flatten_layer.cu">
      <Filter>Source Files\layers</Filter>
    </CudaCompile>
    <CudaCompile Include="src\caffe\util\im2col.cu">
      <Filter>Source Files\util</Filter>
    </CudaCompile>
    <CudaCompile Include="src\caffe\util\math_functions.cu">
      <Filter>Source Files\util</Filter>
    </CudaCompile>
    <CudaCompile Include="src\caffe\layers\hdf5_output_layer.cu">
      <Filter>Source Files\layers</Filter>
    </CudaCompile>
    <CudaCompile Include="src\caffe\layers\hdf5_data_layer.cu">
      <Filter>Source Files\layers</Filter>
    </CudaCompile>
  </ItemGroup>
</Project>